// !$*UTF8*$!
{
	archiveVersion = 1;
	classes = {
	};
	objectVersion = 56;
	objects = {

/* Begin PBXBuildFile section */
		7E33D0B92BA4676600774F44 /* NewsTableViewCellViewModel.swift in Sources */ = {isa = PBXBuildFile; fileRef = 7E33D0B82BA4676600774F44 /* NewsTableViewCellViewModel.swift */; };
		7E33D0BB2BA48D9B00774F44 /* ImageLoader.swift in Sources */ = {isa = PBXBuildFile; fileRef = 7E33D0BA2BA48D9B00774F44 /* ImageLoader.swift */; };
		7EE722852B97288B002FE9AB /* AppDelegate.swift in Sources */ = {isa = PBXBuildFile; fileRef = 7EE722842B97288B002FE9AB /* AppDelegate.swift */; };
		7EE722872B97288B002FE9AB /* SceneDelegate.swift in Sources */ = {isa = PBXBuildFile; fileRef = 7EE722862B97288B002FE9AB /* SceneDelegate.swift */; };
		7EE722892B97288B002FE9AB /* MainTableViewScreen.swift in Sources */ = {isa = PBXBuildFile; fileRef = 7EE722882B97288B002FE9AB /* MainTableViewScreen.swift */; };
		7EE7228E2B97288D002FE9AB /* Assets.xcassets in Resources */ = {isa = PBXBuildFile; fileRef = 7EE7228D2B97288D002FE9AB /* Assets.xcassets */; };
		7EE722912B97288D002FE9AB /* LaunchScreen.storyboard in Resources */ = {isa = PBXBuildFile; fileRef = 7EE7228F2B97288D002FE9AB /* LaunchScreen.storyboard */; };
		7EE7229A2B972BF5002FE9AB /* SnapKit in Frameworks */ = {isa = PBXBuildFile; productRef = 7EE722992B972BF5002FE9AB /* SnapKit */; };
		7EE7229C2B972BF5002FE9AB /* SnapKit-Dynamic in Frameworks */ = {isa = PBXBuildFile; productRef = 7EE7229B2B972BF5002FE9AB /* SnapKit-Dynamic */; };
		7EE7229E2B9733E1002FE9AB /* ServiceApi.swift in Sources */ = {isa = PBXBuildFile; fileRef = 7EE7229D2B9733E1002FE9AB /* ServiceApi.swift */; };
		7EE722A02B974299002FE9AB /* ModelNews.swift in Sources */ = {isa = PBXBuildFile; fileRef = 7EE7229F2B974299002FE9AB /* ModelNews.swift */; };
		7EE722A22B9750F4002FE9AB /* NewsTableViewCell.swift in Sources */ = {isa = PBXBuildFile; fileRef = 7EE722A12B9750F4002FE9AB /* NewsTableViewCell.swift */; };
/* End PBXBuildFile section */

/* Begin PBXFileReference section */
		7E33D0B82BA4676600774F44 /* NewsTableViewCellViewModel.swift */ = {isa = PBXFileReference; lastKnownFileType = sourcecode.swift; path = NewsTableViewCellViewModel.swift; sourceTree = "<group>"; };
		7E33D0BA2BA48D9B00774F44 /* ImageLoader.swift */ = {isa = PBXFileReference; lastKnownFileType = sourcecode.swift; path = ImageLoader.swift; sourceTree = "<group>"; };
		7EE722812B97288B002FE9AB /* NewsApi.app */ = {isa = PBXFileReference; explicitFileType = wrapper.application; includeInIndex = 0; path = NewsApi.app; sourceTree = BUILT_PRODUCTS_DIR; };
		7EE722842B97288B002FE9AB /* AppDelegate.swift */ = {isa = PBXFileReference; lastKnownFileType = sourcecode.swift; path = AppDelegate.swift; sourceTree = "<group>"; };
		7EE722862B97288B002FE9AB /* SceneDelegate.swift */ = {isa = PBXFileReference; lastKnownFileType = sourcecode.swift; path = SceneDelegate.swift; sourceTree = "<group>"; };
		7EE722882B97288B002FE9AB /* MainTableViewScreen.swift */ = {isa = PBXFileReference; lastKnownFileType = sourcecode.swift; path = MainTableViewScreen.swift; sourceTree = "<group>"; };
		7EE7228D2B97288D002FE9AB /* Assets.xcassets */ = {isa = PBXFileReference; lastKnownFileType = folder.assetcatalog; path = Assets.xcassets; sourceTree = "<group>"; };
		7EE722902B97288D002FE9AB /* Base */ = {isa = PBXFileReference; lastKnownFileType = file.storyboard; name = Base; path = Base.lproj/LaunchScreen.storyboard; sourceTree = "<group>"; };
		7EE722922B97288D002FE9AB /* Info.plist */ = {isa = PBXFileReference; lastKnownFileType = text.plist.xml; path = Info.plist; sourceTree = "<group>"; };
		7EE7229D2B9733E1002FE9AB /* ServiceApi.swift */ = {isa = PBXFileReference; lastKnownFileType = sourcecode.swift; path = ServiceApi.swift; sourceTree = "<group>"; };
		7EE7229F2B974299002FE9AB /* ModelNews.swift */ = {isa = PBXFileReference; lastKnownFileType = sourcecode.swift; path = ModelNews.swift; sourceTree = "<group>"; };
		7EE722A12B9750F4002FE9AB /* NewsTableViewCell.swift */ = {isa = PBXFileReference; lastKnownFileType = sourcecode.swift; path = NewsTableViewCell.swift; sourceTree = "<group>"; };
/* End PBXFileReference section */

/* Begin PBXFrameworksBuildPhase section */
		7EE7227E2B97288B002FE9AB /* Frameworks */ = {
			isa = PBXFrameworksBuildPhase;
			buildActionMask = 2147483647;
			files = (
				7EE7229A2B972BF5002FE9AB /* SnapKit in Frameworks */,
				7EE7229C2B972BF5002FE9AB /* SnapKit-Dynamic in Frameworks */,
			);
			runOnlyForDeploymentPostprocessing = 0;
		};
/* End PBXFrameworksBuildPhase section */

/* Begin PBXGroup section */
		7E4325A22B9F373300E20FF2 /* Model */ = {
			isa = PBXGroup;
			children = (
				7EE7229F2B974299002FE9AB /* ModelNews.swift */,
				7E33D0B82BA4676600774F44 /* NewsTableViewCellViewModel.swift */,
			);
			path = Model;
			sourceTree = "<group>";
		};
		7E4325A32B9F375F00E20FF2 /* View */ = {
			isa = PBXGroup;
			children = (
				7EE722A12B9750F4002FE9AB /* NewsTableViewCell.swift */,
				7EE7228F2B97288D002FE9AB /* LaunchScreen.storyboard */,
			);
			path = View;
			sourceTree = "<group>";
		};
		7E4325A42B9F378300E20FF2 /* Controller */ = {
			isa = PBXGroup;
			children = (
				7EE722882B97288B002FE9AB /* MainTableViewScreen.swift */,
			);
			path = Controller;
			sourceTree = "<group>";
		};
		7E4325A52B9F379800E20FF2 /* Service */ = {
			isa = PBXGroup;
			children = (
				7EE7229D2B9733E1002FE9AB /* ServiceApi.swift */,
				7E33D0BA2BA48D9B00774F44 /* ImageLoader.swift */,
			);
			path = Service;
			sourceTree = "<group>";
		};
		7EE722782B97288B002FE9AB = {
			isa = PBXGroup;
			children = (
				7EE722832B97288B002FE9AB /* NewsApi */,
				7EE722822B97288B002FE9AB /* Products */,
			);
			sourceTree = "<group>";
		};
		7EE722822B97288B002FE9AB /* Products */ = {
			isa = PBXGroup;
			children = (
				7EE722812B97288B002FE9AB /* NewsApi.app */,
			);
			name = Products;
			sourceTree = "<group>";
		};
		7EE722832B97288B002FE9AB /* NewsApi */ = {
			isa = PBXGroup;
			children = (
				7E4325A22B9F373300E20FF2 /* Model */,
				7E4325A32B9F375F00E20FF2 /* View */,
				7E4325A42B9F378300E20FF2 /* Controller */,
				7E4325A52B9F379800E20FF2 /* Service */,
				7EE722842B97288B002FE9AB /* AppDelegate.swift */,
				7EE722862B97288B002FE9AB /* SceneDelegate.swift */,
				7EE7228D2B97288D002FE9AB /* Assets.xcassets */,
				7EE722922B97288D002FE9AB /* Info.plist */,
			);
			path = NewsApi;
			sourceTree = "<group>";
		};
/* End PBXGroup section */

/* Begin PBXNativeTarget section */
		7EE722802B97288B002FE9AB /* NewsApi */ = {
			isa = PBXNativeTarget;
			buildConfigurationList = 7EE722952B97288D002FE9AB /* Build configuration list for PBXNativeTarget "NewsApi" */;
			buildPhases = (
				7EE7227D2B97288B002FE9AB /* Sources */,
				7EE7227E2B97288B002FE9AB /* Frameworks */,
				7EE7227F2B97288B002FE9AB /* Resources */,
			);
			buildRules = (
			);
			dependencies = (
			);
			name = NewsApi;
			packageProductDependencies = (
				7EE722992B972BF5002FE9AB /* SnapKit */,
				7EE7229B2B972BF5002FE9AB /* SnapKit-Dynamic */,
			);
			productName = NewsApi;
			productReference = 7EE722812B97288B002FE9AB /* NewsApi.app */;
			productType = "com.apple.product-type.application";
		};
/* End PBXNativeTarget section */

/* Begin PBXProject section */
		7EE722792B97288B002FE9AB /* Project object */ = {
			isa = PBXProject;
			attributes = {
				BuildIndependentTargetsInParallel = 1;
				LastSwiftUpdateCheck = 1520;
				LastUpgradeCheck = 1520;
				TargetAttributes = {
					7EE722802B97288B002FE9AB = {
						CreatedOnToolsVersion = 15.2;
					};
				};
			};
			buildConfigurationList = 7EE7227C2B97288B002FE9AB /* Build configuration list for PBXProject "NewsApi" */;
			compatibilityVersion = "Xcode 14.0";
			developmentRegion = en;
			hasScannedForEncodings = 0;
			knownRegions = (
				en,
				Base,
			);
			mainGroup = 7EE722782B97288B002FE9AB;
			packageReferences = (
				7EE722982B972BF4002FE9AB /* XCRemoteSwiftPackageReference "SnapKit" */,
			);
			productRefGroup = 7EE722822B97288B002FE9AB /* Products */;
			projectDirPath = "";
			projectRoot = "";
			targets = (
				7EE722802B97288B002FE9AB /* NewsApi */,
			);
		};
/* End PBXProject section */

/* Begin PBXResourcesBuildPhase section */
		7EE7227F2B97288B002FE9AB /* Resources */ = {
			isa = PBXResourcesBuildPhase;
			buildActionMask = 2147483647;
			files = (
				7EE722912B97288D002FE9AB /* LaunchScreen.storyboard in Resources */,
				7EE7228E2B97288D002FE9AB /* Assets.xcassets in Resources */,
			);
			runOnlyForDeploymentPostprocessing = 0;
		};
/* End PBXResourcesBuildPhase section */

/* Begin PBXSourcesBuildPhase section */
		7EE7227D2B97288B002FE9AB /* Sources */ = {
			isa = PBXSourcesBuildPhase;
			buildActionMask = 2147483647;
			files = (
				7EE722892B97288B002FE9AB /* MainTableViewScreen.swift in Sources */,
				7EE722852B97288B002FE9AB /* AppDelegate.swift in Sources */,
				7EE722A22B9750F4002FE9AB /* NewsTableViewCell.swift in Sources */,
				7EE7229E2B9733E1002FE9AB /* ServiceApi.swift in Sources */,
				7E33D0B92BA4676600774F44 /* NewsTableViewCellViewModel.swift in Sources */,
				7EE722872B97288B002FE9AB /* SceneDelegate.swift in Sources */,
				7E33D0BB2BA48D9B00774F44 /* ImageLoader.swift in Sources */,
				7EE722A02B974299002FE9AB /* ModelNews.swift in Sources */,
			);
			runOnlyForDeploymentPostprocessing = 0;
		};
/* End PBXSourcesBuildPhase section */

/* Begin PBXVariantGroup section */
		7EE7228F2B97288D002FE9AB /* LaunchScreen.storyboard */ = {
			isa = PBXVariantGroup;
			children = (
				7EE722902B97288D002FE9AB /* Base */,
			);
			name = LaunchScreen.storyboard;
			sourceTree = "<group>";
		};
/* End PBXVariantGroup section */

/* Begin XCBuildConfiguration section */
		7EE722932B97288D002FE9AB /* Debug */ = {
			isa = XCBuildConfiguration;
			buildSettings = {
				ALWAYS_SEARCH_USER_PATHS = NO;
				ASSETCATALOG_COMPILER_GENERATE_SWIFT_ASSET_SYMBOL_EXTENSIONS = YES;
				CLANG_ANALYZER_NONNULL = YES;
				CLANG_ANALYZER_NUMBER_OBJECT_CONVERSION = YES_AGGRESSIVE;
				CLANG_CXX_LANGUAGE_STANDARD = "gnu++20";
				CLANG_ENABLE_MODULES = YES;
				CLANG_ENABLE_OBJC_ARC = YES;
				CLANG_ENABLE_OBJC_WEAK = YES;
				CLANG_WARN_BLOCK_CAPTURE_AUTORELEASING = YES;
				CLANG_WARN_BOOL_CONVERSION = YES;
				CLANG_WARN_COMMA = YES;
				CLANG_WARN_CONSTANT_CONVERSION = YES;
				CLANG_WARN_DEPRECATED_OBJC_IMPLEMENTATIONS = YES;
				CLANG_WARN_DIRECT_OBJC_ISA_USAGE = YES_ERROR;
				CLANG_WARN_DOCUMENTATION_COMMENTS = YES;
				CLANG_WARN_EMPTY_BODY = YES;
				CLANG_WARN_ENUM_CONVERSION = YES;
				CLANG_WARN_INFINITE_RECURSION = YES;
				CLANG_WARN_INT_CONVERSION = YES;
				CLANG_WARN_NON_LITERAL_NULL_CONVERSION = YES;
				CLANG_WARN_OBJC_IMPLICIT_RETAIN_SELF = YES;
				CLANG_WARN_OBJC_LITERAL_CONVERSION = YES;
				CLANG_WARN_OBJC_ROOT_CLASS = YES_ERROR;
				CLANG_WARN_QUOTED_INCLUDE_IN_FRAMEWORK_HEADER = YES;
				CLANG_WARN_RANGE_LOOP_ANALYSIS = YES;
				CLANG_WARN_STRICT_PROTOTYPES = YES;
				CLANG_WARN_SUSPICIOUS_MOVE = YES;
				CLANG_WARN_UNGUARDED_AVAILABILITY = YES_AGGRESSIVE;
				CLANG_WARN_UNREACHABLE_CODE = YES;
				CLANG_WARN__DUPLICATE_METHOD_MATCH = YES;
				COPY_PHASE_STRIP = NO;
				DEBUG_INFORMATION_FORMAT = dwarf;
				ENABLE_STRICT_OBJC_MSGSEND = YES;
				ENABLE_TESTABILITY = YES;
				ENABLE_USER_SCRIPT_SANDBOXING = YES;
				GCC_C_LANGUAGE_STANDARD = gnu17;
				GCC_DYNAMIC_NO_PIC = NO;
				GCC_NO_COMMON_BLOCKS = YES;
				GCC_OPTIMIZATION_LEVEL = 0;
				GCC_PREPROCESSOR_DEFINITIONS = (
					"DEBUG=1",
					"$(inherited)",
				);
				GCC_WARN_64_TO_32_BIT_CONVERSION = YES;
				GCC_WARN_ABOUT_RETURN_TYPE = YES_ERROR;
				GCC_WARN_UNDECLARED_SELECTOR = YES;
				GCC_WARN_UNINITIALIZED_AUTOS = YES_AGGRESSIVE;
				GCC_WARN_UNUSED_FUNCTION = YES;
				GCC_WARN_UNUSED_VARIABLE = YES;
				IPHONEOS_DEPLOYMENT_TARGET = 17.2;
				LOCALIZATION_PREFERS_STRING_CATALOGS = YES;
				MTL_ENABLE_DEBUG_INFO = INCLUDE_SOURCE;
				MTL_FAST_MATH = YES;
				ONLY_ACTIVE_ARCH = YES;
				SDKROOT = iphoneos;
				SWIFT_ACTIVE_COMPILATION_CONDITIONS = "DEBUG $(inherited)";
				SWIFT_OPTIMIZATION_LEVEL = "-Onone";
			};
			name = Debug;
		};
		7EE722942B97288D002FE9AB /* Release */ = {
			isa = XCBuildConfiguration;
			buildSettings = {
				ALWAYS_SEARCH_USER_PATHS = NO;
				ASSETCATALOG_COMPILER_GENERATE_SWIFT_ASSET_SYMBOL_EXTENSIONS = YES;
				CLANG_ANALYZER_NONNULL = YES;
				CLANG_ANALYZER_NUMBER_OBJECT_CONVERSION = YES_AGGRESSIVE;
				CLANG_CXX_LANGUAGE_STANDARD = "gnu++20";
				CLANG_ENABLE_MODULES = YES;
				CLANG_ENABLE_OBJC_ARC = YES;
				CLANG_ENABLE_OBJC_WEAK = YES;
				CLANG_WARN_BLOCK_CAPTURE_AUTORELEASING = YES;
				CLANG_WARN_BOOL_CONVERSION = YES;
				CLANG_WARN_COMMA = YES;
				CLANG_WARN_CONSTANT_CONVERSION = YES;
				CLANG_WARN_DEPRECATED_OBJC_IMPLEMENTATIONS = YES;
				CLANG_WARN_DIRECT_OBJC_ISA_USAGE = YES_ERROR;
				CLANG_WARN_DOCUMENTATION_COMMENTS = YES;
				CLANG_WARN_EMPTY_BODY = YES;
				CLANG_WARN_ENUM_CONVERSION = YES;
				CLANG_WARN_INFINITE_RECURSION = YES;
				CLANG_WARN_INT_CONVERSION = YES;
				CLANG_WARN_NON_LITERAL_NULL_CONVERSION = YES;
				CLANG_WARN_OBJC_IMPLICIT_RETAIN_SELF = YES;
				CLANG_WARN_OBJC_LITERAL_CONVERSION = YES;
				CLANG_WARN_OBJC_ROOT_CLASS = YES_ERROR;
				CLANG_WARN_QUOTED_INCLUDE_IN_FRAMEWORK_HEADER = YES;
				CLANG_WARN_RANGE_LOOP_ANALYSIS = YES;
				CLANG_WARN_STRICT_PROTOTYPES = YES;
				CLANG_WARN_SUSPICIOUS_MOVE = YES;
				CLANG_WARN_UNGUARDED_AVAILABILITY = YES_AGGRESSIVE;
				CLANG_WARN_UNREACHABLE_CODE = YES;
				CLANG_WARN__DUPLICATE_METHOD_MATCH = YES;
				COPY_PHASE_STRIP = NO;
				DEBUG_INFORMATION_FORMAT = "dwarf-with-dsym";
				ENABLE_NS_ASSERTIONS = NO;
				ENABLE_STRICT_OBJC_MSGSEND = YES;
				ENABLE_USER_SCRIPT_SANDBOXING = YES;
				GCC_C_LANGUAGE_STANDARD = gnu17;
				GCC_NO_COMMON_BLOCKS = YES;
				GCC_WARN_64_TO_32_BIT_CONVERSION = YES;
				GCC_WARN_ABOUT_RETURN_TYPE = YES_ERROR;
				GCC_WARN_UNDECLARED_SELECTOR = YES;
				GCC_WARN_UNINITIALIZED_AUTOS = YES_AGGRESSIVE;
				GCC_WARN_UNUSED_FUNCTION = YES;
				GCC_WARN_UNUSED_VARIABLE = YES;
				IPHONEOS_DEPLOYMENT_TARGET = 17.2;
				LOCALIZATION_PREFERS_STRING_CATALOGS = YES;
				MTL_ENABLE_DEBUG_INFO = NO;
				MTL_FAST_MATH = YES;
				SDKROOT = iphoneos;
				SWIFT_COMPILATION_MODE = wholemodule;
				VALIDATE_PRODUCT = YES;
			};
			name = Release;
		};
		7EE722962B97288D002FE9AB /* Debug */ = {
			isa = XCBuildConfiguration;
			buildSettings = {
				ASSETCATALOG_COMPILER_APPICON_NAME = AppIcon;
				ASSETCATALOG_COMPILER_GLOBAL_ACCENT_COLOR_NAME = AccentColor;
				CODE_SIGN_STYLE = Automatic;
				CURRENT_PROJECT_VERSION = 1;
				DEVELOPMENT_TEAM = CCJL5P6CW2;
				GENERATE_INFOPLIST_FILE = YES;
				INFOPLIST_FILE = NewsApi/Info.plist;
				INFOPLIST_KEY_UIApplicationSupportsIndirectInputEvents = YES;
				INFOPLIST_KEY_UILaunchStoryboardName = LaunchScreen;
				INFOPLIST_KEY_UISupportedInterfaceOrientations_iPad = "UIInterfaceOrientationPortrait UIInterfaceOrientationPortraitUpsideDown UIInterfaceOrientationLandscapeLeft UIInterfaceOrientationLandscapeRight";
				INFOPLIST_KEY_UISupportedInterfaceOrientations_iPhone = "UIInterfaceOrientationPortrait UIInterfaceOrientationLandscapeLeft UIInterfaceOrientationLandscapeRight";
				LD_RUNPATH_SEARCH_PATHS = (
					"$(inherited)",
					"@executable_path/Frameworks",
				);
				MARKETING_VERSION = 1.0;
				PRODUCT_BUNDLE_IDENTIFIER = mTim.NewsApi;
				PRODUCT_NAME = "$(TARGET_NAME)";
				SWIFT_EMIT_LOC_STRINGS = YES;
				SWIFT_VERSION = 5.0;
				TARGETED_DEVICE_FAMILY = "1,2";
			};
			name = Debug;
		};
		7EE722972B97288D002FE9AB /* Release */ = {
			isa = XCBuildConfiguration;
			buildSettings = {
				ASSETCATALOG_COMPILER_APPICON_NAME = AppIcon;
				ASSETCATALOG_COMPILER_GLOBAL_ACCENT_COLOR_NAME = AccentColor;
				CODE_SIGN_STYLE = Automatic;
				CURRENT_PROJECT_VERSION = 1;
				DEVELOPMENT_TEAM = CCJL5P6CW2;
				GENERATE_INFOPLIST_FILE = YES;
				INFOPLIST_FILE = NewsApi/Info.plist;
				INFOPLIST_KEY_UIApplicationSupportsIndirectInputEvents = YES;
				INFOPLIST_KEY_UILaunchStoryboardName = LaunchScreen;
				INFOPLIST_KEY_UISupportedInterfaceOrientations_iPad = "UIInterfaceOrientationPortrait UIInterfaceOrientationPortraitUpsideDown UIInterfaceOrientationLandscapeLeft UIInterfaceOrientationLandscapeRight";
				INFOPLIST_KEY_UISupportedInterfaceOrientations_iPhone = "UIInterfaceOrientationPortrait UIInterfaceOrientationLandscapeLeft UIInterfaceOrientationLandscapeRight";
				LD_RUNPATH_SEARCH_PATHS = (
					"$(inherited)",
					"@executable_path/Frameworks",
				);
				MARKETING_VERSION = 1.0;
				PRODUCT_BUNDLE_IDENTIFIER = mTim.NewsApi;
				PRODUCT_NAME = "$(TARGET_NAME)";
				SWIFT_EMIT_LOC_STRINGS = YES;
				SWIFT_VERSION = 5.0;
				TARGETED_DEVICE_FAMILY = "1,2";
			};
			name = Release;
		};
/* End XCBuildConfiguration section */

/* Begin XCConfigurationList section */
		7EE7227C2B97288B002FE9AB /* Build configuration list for PBXProject "NewsApi" */ = {
			isa = XCConfigurationList;
			buildConfigurations = (
				7EE722932B97288D002FE9AB /* Debug */,
				7EE722942B97288D002FE9AB /* Release */,
			);
			defaultConfigurationIsVisible = 0;
			defaultConfigurationName = Release;
		};
		7EE722952B97288D002FE9AB /* Build configuration list for PBXNativeTarget "NewsApi" */ = {
			isa = XCConfigurationList;
			buildConfigurations = (
				7EE722962B97288D002FE9AB /* Debug */,
				7EE722972B97288D002FE9AB /* Release */,
			);
			defaultConfigurationIsVisible = 0;
			defaultConfigurationName = Release;
		};
/* End XCConfigurationList section */

/* Begin XCRemoteSwiftPackageReference section */
		7EE722982B972BF4002FE9AB /* XCRemoteSwiftPackageReference "SnapKit" */ = {
			isa = XCRemoteSwiftPackageReference;
			repositoryURL = "https://github.com/SnapKit/SnapKit.git";
			requirement = {
				kind = upToNextMajorVersion;
				minimumVersion = 5.7.1;
			};
		};
/* End XCRemoteSwiftPackageReference section */

/* Begin XCSwiftPackageProductDependency section */
		7EE722992B972BF5002FE9AB /* SnapKit */ = {
			isa = XCSwiftPackageProductDependency;
			package = 7EE722982B972BF4002FE9AB /* XCRemoteSwiftPackageReference "SnapKit" */;
			productName = SnapKit;
		};
		7EE7229B2B972BF5002FE9AB /* SnapKit-Dynamic */ = {
			isa = XCSwiftPackageProductDependency;
			package = 7EE722982B972BF4002FE9AB /* XCRemoteSwiftPackageReference "SnapKit" */;
			productName = "SnapKit-Dynamic";
		};
/* End XCSwiftPackageProductDependency section */
	};
	rootObject = 7EE722792B97288B002FE9AB /* Project object */;
}
